
Microsoft Visual Studio Solution File, Format Version 12.00
# Visual Studio 14
VisualStudioVersion = 14.0.25123.0
MinimumVisualStudioVersion = 10.0.40219.1
Project("{FAE04EC0-301F-11D3-BF4B-00C04F79EFBC}") = "Felipe.LojaVirtual.Dominio", "Felipe.LojaVirtual.Domino\Felipe.LojaVirtual.Dominio.csproj", "{899A9D1C-89FA-4F44-8178-67F0FC40B2DF}"
EndProject
Project("{FAE04EC0-301F-11D3-BF4B-00C04F79EFBC}") = "Felipe.LojaVirtual.Web", "Felipe.LojaVirtual.Web\Felipe.LojaVirtual.Web.csproj", "{AAF0B26B-C8EF-4318-8D0C-BA4B109867A9}"
EndProject
Project("{FAE04EC0-301F-11D3-BF4B-00C04F79EFBC}") = "Felipe.LojaVirtual.UnitTest", "Felipe.LojaVirtual.UnitTest\Felipe.LojaVirtual.UnitTest.csproj", "{E2337EC0-BB8A-4AC9-9341-537AE26F2838}"
EndProject
Global
	GlobalSection(SolutionConfigurationPlatforms) = preSolution
		Debug|Any CPU = Debug|Any CPU
		Release|Any CPU = Release|Any CPU
	EndGlobalSection
	GlobalSection(ProjectConfigurationPlatforms) = postSolution
		{899A9D1C-89FA-4F44-8178-67F0FC40B2DF}.Debug|Any CPU.ActiveCfg = Debug|Any CPU
		{899A9D1C-89FA-4F44-8178-67F0FC40B2DF}.Debug|Any CPU.Build.0 = Debug|Any CPU
		{899A9D1C-89FA-4F44-8178-67F0FC40B2DF}.Release|Any CPU.ActiveCfg = Release|Any CPU
		{899A9D1C-89FA-4F44-8178-67F0FC40B2DF}.Release|Any CPU.Build.0 = Release|Any CPU
		{AAF0B26B-C8EF-4318-8D0C-BA4B109867A9}.Debug|Any CPU.ActiveCfg = Debug|Any CPU
		{AAF0B26B-C8EF-4318-8D0C-BA4B109867A9}.Debug|Any CPU.Build.0 = Debug|Any CPU
		{AAF0B26B-C8EF-4318-8D0C-BA4B109867A9}.Release|Any CPU.ActiveCfg = Release|Any CPU
		{AAF0B26B-C8EF-4318-8D0C-BA4B109867A9}.Release|Any CPU.Build.0 = Release|Any CPU
		{E2337EC0-BB8A-4AC9-9341-537AE26F2838}.Debug|Any CPU.ActiveCfg = Debug|Any CPU
		{E2337EC0-BB8A-4AC9-9341-537AE26F2838}.Debug|Any CPU.Build.0 = Debug|Any CPU
		{E2337EC0-BB8A-4AC9-9341-537AE26F2838}.Release|Any CPU.ActiveCfg = Release|Any CPU
		{E2337EC0-BB8A-4AC9-9341-537AE26F2838}.Release|Any CPU.Build.0 = Release|Any CPU
	EndGlobalSection
	GlobalSection(SolutionProperties) = preSolution
		HideSolutionNode = FALSE
	EndGlobalSection
EndGlobal
